<?xml version="1.0" encoding="utf-8"?>
<Project ToolsVersion="12.0" xmlns="http://schemas.microsoft.com/developer/msbuild/2003">
  <ItemGroup>
    <Filter Include="Common">
      <UniqueIdentifier>75201c7f-f33c-4bff-9d6b-c0fd5429fd65</UniqueIdentifier>
    </Filter>
    <Filter Include="Assets">
      <UniqueIdentifier>d7323dc6-63e4-48e2-906d-a0fcfa729e4d</UniqueIdentifier>
      <Extensions>bmp;fbx;gif;jpg;jpeg;tga;tiff;tif;png</Extensions>
    </Filter>
    <Image Include="Assets\Logo.scale-100.png">
      <Filter>Assets</Filter>
    </Image>
    <Image Include="Assets\SmallLogo.scale-100.png">
      <Filter>Assets</Filter>
    </Image>
    <Image Include="Assets\StoreLogo.scale-100.png">
      <Filter>Assets</Filter>
    </Image>
    <Image Include="Assets\SplashScreen.scale-100.png">
      <Filter>Assets</Filter>
    </Image>
  </ItemGroup>
  <ItemGroup>
    <ApplicationDefinition Include="App.xaml" />
  </ItemGroup>
  <ItemGroup>
    <ClCompile Include="App.xaml.cpp" />
    <ClCompile Include="MainPage.xaml.cpp" />
    <ClCompile Include="pch.cpp" />
  </ItemGroup>
  <ItemGroup>
    <ClInclude Include="pch.h" />
    <ClInclude Include="App.xaml.h" />
    <ClInclude Include="MainPage.xaml.h" />
  </ItemGroup>
  <ItemGroup>
    <AppxManifest Include="Package.appxmanifest" />
  </ItemGroup>
  <ItemGroup>
    <None Include="VideoCV_TemporaryKey.pfx" />
    <None Include="..\..\..\opencv\bin\install\WS\8.1\x86\x86\vc12\bin\opencv_core300.dll" />
    <None Include="..\..\..\opencv\bin\install\WS\8.1\x86\x86\vc12\bin\opencv_core300d.dll" />
    <None Include="..\..\..\opencv\bin\install\WS\8.1\x86\x86\vc12\bin\opencv_video300.dll" />
    <None Include="..\..\..\opencv\bin\install\WS\8.1\x86\x86\vc12\bin\opencv_video300d.dll" />
    <None Include="..\..\..\opencv\bin\install\WS\8.1\x86\x86\vc12\bin\opencv_imgproc300.dll" />
    <None Include="..\..\..\opencv\bin\install\WS\8.1\x86\x86\vc12\bin\opencv_imgproc300d.dll" />
    <None Include="..\..\..\opencv\bin\install\WS\8.1\x86\x86\vc12\bin\opencv_imgcodecs300.dll" />
    <None Include="..\..\..\opencv\bin\install\WS\8.1\x86\x86\vc12\bin\opencv_imgcodecs300d.dll" />
  </ItemGroup>
  <ItemGroup>
    <Page Include="MainPage.xaml" />
  </ItemGroup>
</Project>