<?xml version="1.0" encoding="utf-8"?>
<Project ToolsVersion="12.0" xmlns="http://schemas.microsoft.com/developer/msbuild/2003">
  <ItemGroup>
    <Filter Include="Common">
      <UniqueIdentifier>97351a58-5af5-4a5e-b88c-e00b3f7dd079</UniqueIdentifier>
    </Filter>
    <Filter Include="Assets">
      <UniqueIdentifier>3d21e76c-e245-4b5d-bba9-693039f1fd21</UniqueIdentifier>
      <Extensions>bmp;fbx;gif;jpg;jpeg;tga;tiff;tif;png</Extensions>
    </Filter>
    <Image Include="Assets\Logo.scale-100.png">
      <Filter>Assets</Filter>
    </Image>
    <Image Include="Assets\SmallLogo.scale-100.png">
      <Filter>Assets</Filter>
    </Image>
    <Image Include="Assets\StoreLogo.scale-100.png">
      <Filter>Assets</Filter>
    </Image>
    <Image Include="Assets\SplashScreen.scale-100.png">
      <Filter>Assets</Filter>
    </Image>
  </ItemGroup>
  <ItemGroup>
    <ApplicationDefinition Include="App.xaml" />
  </ItemGroup>
  <ItemGroup>
    <ClCompile Include="App.xaml.cpp" />
    <ClCompile Include="MainPage.xaml.cpp" />
    <ClCompile Include="pch.cpp" />
  </ItemGroup>
  <ItemGroup>
    <ClInclude Include="pch.h" />
    <ClInclude Include="App.xaml.h" />
    <ClInclude Include="MainPage.xaml.h" />
  </ItemGroup>
  <ItemGroup>
    <AppxManifest Include="Package.appxmanifest" />
  </ItemGroup>
  <ItemGroup>
    <None Include="VideoModern_TemporaryKey.pfx" />
    <None Include="$(OpenCV_Bin)opencv_core300$(DebugSuffix).dll" />
    <None Include="$(OpenCV_Bin)opencv_imgproc300$(DebugSuffix).dll" />
    <None Include="$(OpenCV_Bin)opencv_features2d300$(DebugSuffix).dll" />
    <None Include="$(OpenCV_Bin)opencv_flann300$(DebugSuffix).dll" />
    <None Include="$(OpenCV_Bin)opencv_ml300$(DebugSuffix).dll" />
    <None Include="..\..\..\opencv\bin\install\WS\8.1\x86\x86\vc12\bin\opencv_core300.dll" />
    <None Include="..\..\..\opencv\bin\install\WS\8.1\x86\x86\vc12\bin\opencv_features2d300.dll" />
    <None Include="..\..\..\opencv\bin\install\WS\8.1\x86\x86\vc12\bin\opencv_flann300.dll" />
    <None Include="..\..\..\opencv\bin\install\WS\8.1\x86\x86\vc12\bin\opencv_imgcodecs300.dll" />
    <None Include="..\..\..\opencv\bin\install\WS\8.1\x86\x86\vc12\bin\opencv_imgcodecs300d.dll" />
    <None Include="..\..\..\opencv\bin\install\WS\8.1\x86\x86\vc12\bin\opencv_imgproc300.dll" />
    <None Include="..\..\..\opencv\bin\install\WS\8.1\x86\x86\vc12\bin\opencv_ml300.dll" />
    <None Include="$(OpenCV_Bin)opencv_objdetect300$(DebugSuffix).dll" />
    <None Include="$(OpenCV_Bin)opencv_videoio300$(DebugSuffix).dll" />
    <None Include="..\..\..\opencv\bin\install\WS\8.1\x86\x86\vc12\bin\opencv_objdetect300.dll" />
    <None Include="..\..\..\opencv\bin\install\WS\8.1\x86\x86\vc12\bin\opencv_videoio300.dll" />
  </ItemGroup>
  <ItemGroup>
    <Page Include="MainPage.xaml" />
  </ItemGroup>
</Project>